
Microsoft Visual Studio Solution File, Format Version 12.00
# Visual Studio Version 16
VisualStudioVersion = 16.0.31410.357
MinimumVisualStudioVersion = 10.0.40219.1
Project("{FAE04EC0-301F-11D3-BF4B-00C04F79EFBC}") = "RaceGenerator", "RaceGenerator\RaceGenerator.csproj", "{56F3EB53-F214-430C-ADD4-969E612D62EE}"
EndProject
Global
	GlobalSection(SolutionConfigurationPlatforms) = preSolution
		Debug|Any CPU = Debug|Any CPU
		Release|Any CPU = Release|Any CPU
	EndGlobalSection
	GlobalSection(ProjectConfigurationPlatforms) = postSolution
		{56F3EB53-F214-430C-ADD4-969E612D62EE}.Debug|Any CPU.ActiveCfg = Debug|Any CPU
		{56F3EB53-F214-430C-ADD4-969E612D62EE}.Debug|Any CPU.Build.0 = Debug|Any CPU
		{56F3EB53-F214-430C-ADD4-969E612D62EE}.Release|Any CPU.ActiveCfg = Release|Any CPU
		{56F3EB53-F214-430C-ADD4-969E612D62EE}.Release|Any CPU.Build.0 = Release|Any CPU
	EndGlobalSection
	GlobalSection(SolutionProperties) = preSolution
		HideSolutionNode = FALSE
	EndGlobalSection
	GlobalSection(ExtensibilityGlobals) = postSolution
		SolutionGuid = {1D9789AB-6E4E-4BAB-9418-57E03CEA2B18}
	EndGlobalSection
EndGlobal
